
Microsoft Visual Studio Solution File, Format Version 11.00
# Visual Studio 2010
Project("{FAE04EC0-301F-11D3-BF4B-00C04F79EFBC}") = "Assembly-CSharp", "Assembly-CSharp.csproj", "{fa7aa7cf-92a1-d494-655a-603e5b37194c}"
EndProject
Project("{FAE04EC0-301F-11D3-BF4B-00C04F79EFBC}") = "AstarPathfindingProject", "AstarPathfindingProject.csproj", "{28c6a506-b190-2a5f-ef59-304a98e2f0b7}"
EndProject
Project("{FAE04EC0-301F-11D3-BF4B-00C04F79EFBC}") = "AstarPathfindingProjectEditor", "AstarPathfindingProjectEditor.csproj", "{4f0cf4e5-5ef0-26c9-4092-4315d75947b2}"
EndProject
Project("{FAE04EC0-301F-11D3-BF4B-00C04F79EFBC}") = "PackageToolsEditor", "PackageToolsEditor.csproj", "{79eedea9-baf0-6142-5025-8b78b6aadfe9}"
EndProject
Global
	GlobalSection(SolutionConfigurationPlatforms) = preSolution
		Debug|Any CPU = Debug|Any CPU
	EndGlobalSection
	GlobalSection(ProjectConfigurationPlatforms) = postSolution
		{fa7aa7cf-92a1-d494-655a-603e5b37194c}.Debug|Any CPU.ActiveCfg = Debug|Any CPU
		{fa7aa7cf-92a1-d494-655a-603e5b37194c}.Debug|Any CPU.Build.0 = Debug|Any CPU
		{28c6a506-b190-2a5f-ef59-304a98e2f0b7}.Debug|Any CPU.ActiveCfg = Debug|Any CPU
		{28c6a506-b190-2a5f-ef59-304a98e2f0b7}.Debug|Any CPU.Build.0 = Debug|Any CPU
		{4f0cf4e5-5ef0-26c9-4092-4315d75947b2}.Debug|Any CPU.ActiveCfg = Debug|Any CPU
		{4f0cf4e5-5ef0-26c9-4092-4315d75947b2}.Debug|Any CPU.Build.0 = Debug|Any CPU
		{79eedea9-baf0-6142-5025-8b78b6aadfe9}.Debug|Any CPU.ActiveCfg = Debug|Any CPU
		{79eedea9-baf0-6142-5025-8b78b6aadfe9}.Debug|Any CPU.Build.0 = Debug|Any CPU
	EndGlobalSection
	GlobalSection(SolutionProperties) = preSolution
		HideSolutionNode = FALSE
	EndGlobalSection
EndGlobal
